// !$*UTF8*$!
{
	archiveVersion = 1;
	classes = {
	};
	objectVersion = 50;
	objects = {

/* Begin PBXBuildFile section */
		044699312444AA4300E4F06F /* AppDelegate.swift in Sources */ = {isa = PBXBuildFile; fileRef = 044699302444AA4300E4F06F /* AppDelegate.swift */; };
		044699332444AA4300E4F06F /* SceneDelegate.swift in Sources */ = {isa = PBXBuildFile; fileRef = 044699322444AA4300E4F06F /* SceneDelegate.swift */; };
		044699352444AA4300E4F06F /* FirstViewController.swift in Sources */ = {isa = PBXBuildFile; fileRef = 044699342444AA4300E4F06F /* FirstViewController.swift */; };
		044699372444AA4300E4F06F /* SecondViewController.swift in Sources */ = {isa = PBXBuildFile; fileRef = 044699362444AA4300E4F06F /* SecondViewController.swift */; };
		0446993A2444AA4300E4F06F /* Main.storyboard in Resources */ = {isa = PBXBuildFile; fileRef = 044699382444AA4300E4F06F /* Main.storyboard */; };
		0446993C2444AA4600E4F06F /* Assets.xcassets in Resources */ = {isa = PBXBuildFile; fileRef = 0446993B2444AA4600E4F06F /* Assets.xcassets */; };
		0446993F2444AA4600E4F06F /* LaunchScreen.storyboard in Resources */ = {isa = PBXBuildFile; fileRef = 0446993D2444AA4600E4F06F /* LaunchScreen.storyboard */; };
/* End PBXBuildFile section */

/* Begin PBXFileReference section */
		0446992D2444AA4300E4F06F /* Stone Paper Scissor.app */ = {isa = PBXFileReference; explicitFileType = wrapper.application; includeInIndex = 0; path = "Stone Paper Scissor.app"; sourceTree = BUILT_PRODUCTS_DIR; };
		044699302444AA4300E4F06F /* AppDelegate.swift */ = {isa = PBXFileReference; lastKnownFileType = sourcecode.swift; path = AppDelegate.swift; sourceTree = "<group>"; };
		044699322444AA4300E4F06F /* SceneDelegate.swift */ = {isa = PBXFileReference; lastKnownFileType = sourcecode.swift; path = SceneDelegate.swift; sourceTree = "<group>"; };
		044699342444AA4300E4F06F /* FirstViewController.swift */ = {isa = PBXFileReference; lastKnownFileType = sourcecode.swift; path = FirstViewController.swift; sourceTree = "<group>"; };
		044699362444AA4300E4F06F /* SecondViewController.swift */ = {isa = PBXFileReference; lastKnownFileType = sourcecode.swift; path = SecondViewController.swift; sourceTree = "<group>"; };
		044699392444AA4300E4F06F /* Base */ = {isa = PBXFileReference; lastKnownFileType = file.storyboard; name = Base; path = Base.lproj/Main.storyboard; sourceTree = "<group>"; };
		0446993B2444AA4600E4F06F /* Assets.xcassets */ = {isa = PBXFileReference; lastKnownFileType = folder.assetcatalog; path = Assets.xcassets; sourceTree = "<group>"; };
		0446993E2444AA4600E4F06F /* Base */ = {isa = PBXFileReference; lastKnownFileType = file.storyboard; name = Base; path = Base.lproj/LaunchScreen.storyboard; sourceTree = "<group>"; };
		044699402444AA4600E4F06F /* Info.plist */ = {isa = PBXFileReference; lastKnownFileType = text.plist.xml; path = Info.plist; sourceTree = "<group>"; };
/* End PBXFileReference section */

/* Begin PBXFrameworksBuildPhase section */
		0446992A2444AA4300E4F06F /* Frameworks */ = {
			isa = PBXFrameworksBuildPhase;
			buildActionMask = 2147483647;
			files = (
			);
			runOnlyForDeploymentPostprocessing = 0;
		};
/* End PBXFrameworksBuildPhase section */

/* Begin PBXGroup section */
		044699242444AA4300E4F06F = {
			isa = PBXGroup;
			children = (
				0446992F2444AA4300E4F06F /* Stone Paper Scissor */,
				0446992E2444AA4300E4F06F /* Products */,
			);
			sourceTree = "<group>";
		};
		0446992E2444AA4300E4F06F /* Products */ = {
			isa = PBXGroup;
			children = (
				0446992D2444AA4300E4F06F /* Stone Paper Scissor.app */,
			);
			name = Products;
			sourceTree = "<group>";
		};
		0446992F2444AA4300E4F06F /* Stone Paper Scissor */ = {
			isa = PBXGroup;
			children = (
				044699302444AA4300E4F06F /* AppDelegate.swift */,
				044699322444AA4300E4F06F /* SceneDelegate.swift */,
				044699342444AA4300E4F06F /* FirstViewController.swift */,
				044699362444AA4300E4F06F /* SecondViewController.swift */,
				044699382444AA4300E4F06F /* Main.storyboard */,
				0446993B2444AA4600E4F06F /* Assets.xcassets */,
				0446993D2444AA4600E4F06F /* LaunchScreen.storyboard */,
				044699402444AA4600E4F06F /* Info.plist */,
			);
			path = "Stone Paper Scissor";
			sourceTree = "<group>";
		};
/* End PBXGroup section */

/* Begin PBXNativeTarget section */
		0446992C2444AA4300E4F06F /* Stone Paper Scissor */ = {
			isa = PBXNativeTarget;
			buildConfigurationList = 044699432444AA4600E4F06F /* Build configuration list for PBXNativeTarget "Stone Paper Scissor" */;
			buildPhases = (
				044699292444AA4300E4F06F /* Sources */,
				0446992A2444AA4300E4F06F /* Frameworks */,
				0446992B2444AA4300E4F06F /* Resources */,
			);
			buildRules = (
			);
			dependencies = (
			);
			name = "Stone Paper Scissor";
			productName = "Stone Paper Scissor";
			productReference = 0446992D2444AA4300E4F06F /* Stone Paper Scissor.app */;
			productType = "com.apple.product-type.application";
		};
/* End PBXNativeTarget section */

/* Begin PBXProject section */
		044699252444AA4300E4F06F /* Project object */ = {
			isa = PBXProject;
			attributes = {
				LastSwiftUpdateCheck = 1140;
				LastUpgradeCheck = 1140;
				ORGANIZATIONNAME = "Avaneesh Pathak";
				TargetAttributes = {
					0446992C2444AA4300E4F06F = {
						CreatedOnToolsVersion = 11.4;
					};
				};
			};
			buildConfigurationList = 044699282444AA4300E4F06F /* Build configuration list for PBXProject "Stone Paper Scissor" */;
			compatibilityVersion = "Xcode 9.3";
			developmentRegion = en;
			hasScannedForEncodings = 0;
			knownRegions = (
				en,
				Base,
			);
			mainGroup = 044699242444AA4300E4F06F;
			productRefGroup = 0446992E2444AA4300E4F06F /* Products */;
			projectDirPath = "";
			projectRoot = "";
			targets = (
				0446992C2444AA4300E4F06F /* Stone Paper Scissor */,
			);
		};
/* End PBXProject section */

/* Begin PBXResourcesBuildPhase section */
		0446992B2444AA4300E4F06F /* Resources */ = {
			isa = PBXResourcesBuildPhase;
			buildActionMask = 2147483647;
			files = (
				0446993F2444AA4600E4F06F /* LaunchScreen.storyboard in Resources */,
				0446993C2444AA4600E4F06F /* Assets.xcassets in Resources */,
				0446993A2444AA4300E4F06F /* Main.storyboard in Resources */,
			);
			runOnlyForDeploymentPostprocessing = 0;
		};
/* End PBXResourcesBuildPhase section */

/* Begin PBXSourcesBuildPhase section */
		044699292444AA4300E4F06F /* Sources */ = {
			isa = PBXSourcesBuildPhase;
			buildActionMask = 2147483647;
			files = (
				044699372444AA4300E4F06F /* SecondViewController.swift in Sources */,
				044699352444AA4300E4F06F /* FirstViewController.swift in Sources */,
				044699312444AA4300E4F06F /* AppDelegate.swift in Sources */,
				044699332444AA4300E4F06F /* SceneDelegate.swift in Sources */,
			);
			runOnlyForDeploymentPostprocessing = 0;
		};
/* End PBXSourcesBuildPhase section */

/* Begin PBXVariantGroup section */
		044699382444AA4300E4F06F /* Main.storyboard */ = {
			isa = PBXVariantGroup;
			children = (
				044699392444AA4300E4F06F /* Base */,
			);
			name = Main.storyboard;
			sourceTree = "<group>";
		};
		0446993D2444AA4600E4F06F /* LaunchScreen.storyboard */ = {
			isa = PBXVariantGroup;
			children = (
				0446993E2444AA4600E4F06F /* Base */,
			);
			name = LaunchScreen.storyboard;
			sourceTree = "<group>";
		};
/* End PBXVariantGroup section */

/* Begin XCBuildConfiguration section */
		044699412444AA4600E4F06F /* Debug */ = {
			isa = XCBuildConfiguration;
			buildSettings = {
				ALWAYS_SEARCH_USER_PATHS = NO;
				CLANG_ANALYZER_NONNULL = YES;
				CLANG_ANALYZER_NUMBER_OBJECT_CONVERSION = YES_AGGRESSIVE;
				CLANG_CXX_LANGUAGE_STANDARD = "gnu++14";
				CLANG_CXX_LIBRARY = "libc++";
				CLANG_ENABLE_MODULES = YES;
				CLANG_ENABLE_OBJC_ARC = YES;
				CLANG_ENABLE_OBJC_WEAK = YES;
				CLANG_WARN_BLOCK_CAPTURE_AUTORELEASING = YES;
				CLANG_WARN_BOOL_CONVERSION = YES;
				CLANG_WARN_COMMA = YES;
				CLANG_WARN_CONSTANT_CONVERSION = YES;
				CLANG_WARN_DEPRECATED_OBJC_IMPLEMENTATIONS = YES;
				CLANG_WARN_DIRECT_OBJC_ISA_USAGE = YES_ERROR;
				CLANG_WARN_DOCUMENTATION_COMMENTS = YES;
				CLANG_WARN_EMPTY_BODY = YES;
				CLANG_WARN_ENUM_CONVERSION = YES;
				CLANG_WARN_INFINITE_RECURSION = YES;
				CLANG_WARN_INT_CONVERSION = YES;
				CLANG_WARN_NON_LITERAL_NULL_CONVERSION = YES;
				CLANG_WARN_OBJC_IMPLICIT_RETAIN_SELF = YES;
				CLANG_WARN_OBJC_LITERAL_CONVERSION = YES;
				CLANG_WARN_OBJC_ROOT_CLASS = YES_ERROR;
				CLANG_WARN_RANGE_LOOP_ANALYSIS = YES;
				CLANG_WARN_STRICT_PROTOTYPES = YES;
				CLANG_WARN_SUSPICIOUS_MOVE = YES;
				CLANG_WARN_UNGUARDED_AVAILABILITY = YES_AGGRESSIVE;
				CLANG_WARN_UNREACHABLE_CODE = YES;
				CLANG_WARN__DUPLICATE_METHOD_MATCH = YES;
				COPY_PHASE_STRIP = NO;
				DEBUG_INFORMATION_FORMAT = dwarf;
				ENABLE_STRICT_OBJC_MSGSEND = YES;
				ENABLE_TESTABILITY = YES;
				GCC_C_LANGUAGE_STANDARD = gnu11;
				GCC_DYNAMIC_NO_PIC = NO;
				GCC_NO_COMMON_BLOCKS = YES;
				GCC_OPTIMIZATION_LEVEL = 0;
				GCC_PREPROCESSOR_DEFINITIONS = (
					"DEBUG=1",
					"$(inherited)",
				);
				GCC_WARN_64_TO_32_BIT_CONVERSION = YES;
				GCC_WARN_ABOUT_RETURN_TYPE = YES_ERROR;
				GCC_WARN_UNDECLARED_SELECTOR = YES;
				GCC_WARN_UNINITIALIZED_AUTOS = YES_AGGRESSIVE;
				GCC_WARN_UNUSED_FUNCTION = YES;
				GCC_WARN_UNUSED_VARIABLE = YES;
				IPHONEOS_DEPLOYMENT_TARGET = 13.4;
				MTL_ENABLE_DEBUG_INFO = INCLUDE_SOURCE;
				MTL_FAST_MATH = YES;
				ONLY_ACTIVE_ARCH = YES;
				SDKROOT = iphoneos;
				SWIFT_ACTIVE_COMPILATION_CONDITIONS = DEBUG;
				SWIFT_OPTIMIZATION_LEVEL = "-Onone";
			};
			name = Debug;
		};
		044699422444AA4600E4F06F /* Release */ = {
			isa = XCBuildConfiguration;
			buildSettings = {
				ALWAYS_SEARCH_USER_PATHS = NO;
				CLANG_ANALYZER_NONNULL = YES;
				CLANG_ANALYZER_NUMBER_OBJECT_CONVERSION = YES_AGGRESSIVE;
				CLANG_CXX_LANGUAGE_STANDARD = "gnu++14";
				CLANG_CXX_LIBRARY = "libc++";
				CLANG_ENABLE_MODULES = YES;
				CLANG_ENABLE_OBJC_ARC = YES;
				CLANG_ENABLE_OBJC_WEAK = YES;
				CLANG_WARN_BLOCK_CAPTURE_AUTORELEASING = YES;
				CLANG_WARN_BOOL_CONVERSION = YES;
				CLANG_WARN_COMMA = YES;
				CLANG_WARN_CONSTANT_CONVERSION = YES;
				CLANG_WARN_DEPRECATED_OBJC_IMPLEMENTATIONS = YES;
				CLANG_WARN_DIRECT_OBJC_ISA_USAGE = YES_ERROR;
				CLANG_WARN_DOCUMENTATION_COMMENTS = YES;
				CLANG_WARN_EMPTY_BODY = YES;
				CLANG_WARN_ENUM_CONVERSION = YES;
				CLANG_WARN_INFINITE_RECURSION = YES;
				CLANG_WARN_INT_CONVERSION = YES;
				CLANG_WARN_NON_LITERAL_NULL_CONVERSION = YES;
				CLANG_WARN_OBJC_IMPLICIT_RETAIN_SELF = YES;
				CLANG_WARN_OBJC_LITERAL_CONVERSION = YES;
				CLANG_WARN_OBJC_ROOT_CLASS = YES_ERROR;
				CLANG_WARN_RANGE_LOOP_ANALYSIS = YES;
				CLANG_WARN_STRICT_PROTOTYPES = YES;
				CLANG_WARN_SUSPICIOUS_MOVE = YES;
				CLANG_WARN_UNGUARDED_AVAILABILITY = YES_AGGRESSIVE;
				CLANG_WARN_UNREACHABLE_CODE = YES;
				CLANG_WARN__DUPLICATE_METHOD_MATCH = YES;
				COPY_PHASE_STRIP = NO;
				DEBUG_INFORMATION_FORMAT = "dwarf-with-dsym";
				ENABLE_NS_ASSERTIONS = NO;
				ENABLE_STRICT_OBJC_MSGSEND = YES;
				GCC_C_LANGUAGE_STANDARD = gnu11;
				GCC_NO_COMMON_BLOCKS = YES;
				GCC_WARN_64_TO_32_BIT_CONVERSION = YES;
				GCC_WARN_ABOUT_RETURN_TYPE = YES_ERROR;
				GCC_WARN_UNDECLARED_SELECTOR = YES;
				GCC_WARN_UNINITIALIZED_AUTOS = YES_AGGRESSIVE;
				GCC_WARN_UNUSED_FUNCTION = YES;
				GCC_WARN_UNUSED_VARIABLE = YES;
				IPHONEOS_DEPLOYMENT_TARGET = 13.4;
				MTL_ENABLE_DEBUG_INFO = NO;
				MTL_FAST_MATH = YES;
				SDKROOT = iphoneos;
				SWIFT_COMPILATION_MODE = wholemodule;
				SWIFT_OPTIMIZATION_LEVEL = "-O";
				VALIDATE_PRODUCT = YES;
			};
			name = Release;
		};
		044699442444AA4600E4F06F /* Debug */ = {
			isa = XCBuildConfiguration;
			buildSettings = {
				ASSETCATALOG_COMPILER_APPICON_NAME = AppIcon;
				CODE_SIGN_STYLE = Automatic;
				DEVELOPMENT_TEAM = 2F38N7S42D;
				INFOPLIST_FILE = "Stone Paper Scissor/Info.plist";
				LD_RUNPATH_SEARCH_PATHS = (
					"$(inherited)",
					"@executable_path/Frameworks",
				);
				PRODUCT_BUNDLE_IDENTIFIER = "com.avaneesh.Stone-Paper-Scissor";
				PRODUCT_NAME = "$(TARGET_NAME)";
				SWIFT_VERSION = 5.0;
				TARGETED_DEVICE_FAMILY = "1,2";
			};
			name = Debug;
		};
		044699452444AA4600E4F06F /* Release */ = {
			isa = XCBuildConfiguration;
			buildSettings = {
				ASSETCATALOG_COMPILER_APPICON_NAME = AppIcon;
				CODE_SIGN_STYLE = Automatic;
				DEVELOPMENT_TEAM = 2F38N7S42D;
				INFOPLIST_FILE = "Stone Paper Scissor/Info.plist";
				LD_RUNPATH_SEARCH_PATHS = (
					"$(inherited)",
					"@executable_path/Frameworks",
				);
				PRODUCT_BUNDLE_IDENTIFIER = "com.avaneesh.Stone-Paper-Scissor";
				PRODUCT_NAME = "$(TARGET_NAME)";
				SWIFT_VERSION = 5.0;
				TARGETED_DEVICE_FAMILY = "1,2";
			};
			name = Release;
		};
/* End XCBuildConfiguration section */

/* Begin XCConfigurationList section */
		044699282444AA4300E4F06F /* Build configuration list for PBXProject "Stone Paper Scissor" */ = {
			isa = XCConfigurationList;
			buildConfigurations = (
				044699412444AA4600E4F06F /* Debug */,
				044699422444AA4600E4F06F /* Release */,
			);
			defaultConfigurationIsVisible = 0;
			defaultConfigurationName = Release;
		};
		044699432444AA4600E4F06F /* Build configuration list for PBXNativeTarget "Stone Paper Scissor" */ = {
			isa = XCConfigurationList;
			buildConfigurations = (
				044699442444AA4600E4F06F /* Debug */,
				044699452444AA4600E4F06F /* Release */,
			);
			defaultConfigurationIsVisible = 0;
			defaultConfigurationName = Release;
		};
/* End XCConfigurationList section */
	};
	rootObject = 044699252444AA4300E4F06F /* Project object */;
}
